// !$*UTF8*$!
{
	archiveVersion = 1;
	classes = {
	};
	objectVersion = 46;
	objects = {

/* Begin PBXBuildFile section */
		CC14C63B1953E0D700BAEF6C /* GCDAsyncUdpSocket.m in Sources */ = {isa = PBXBuildFile; fileRef = CC14C6331953E0D700BAEF6C /* GCDAsyncUdpSocket.m */; };
		CC14C63E1953E0D700BAEF6C /* STUNClient.m in Sources */ = {isa = PBXBuildFile; fileRef = CC14C6381953E0D700BAEF6C /* STUNClient.m */; };
		CC173517195131AD004B7B4B /* kxmovie.bundle in Resources */ = {isa = PBXBuildFile; fileRef = CC173510195131AD004B7B4B /* kxmovie.bundle */; };
		CC60826F1961E16B00B59839 /* SoundPickerViewController.m in Sources */ = {isa = PBXBuildFile; fileRef = CC60826E1961E16B00B59839 /* SoundPickerViewController.m */; };
		CCB97FFF195119E300BE8B45 /* WPBase64Utils.m in Sources */ = {isa = PBXBuildFile; fileRef = CCB97FF3195119E300BE8B45 /* WPBase64Utils.m */; };
		CCB98000195119E300BE8B45 /* WPStringUtils.m in Sources */ = {isa = PBXBuildFile; fileRef = CCB97FF5195119E300BE8B45 /* WPStringUtils.m */; };
		CCB98001195119E300BE8B45 /* WPXMLRPCDataCleaner.m in Sources */ = {isa = PBXBuildFile; fileRef = CCB97FF8195119E300BE8B45 /* WPXMLRPCDataCleaner.m */; };
		CCB98002195119E300BE8B45 /* WPXMLRPCDecoder.m in Sources */ = {isa = PBXBuildFile; fileRef = CCB97FFA195119E300BE8B45 /* WPXMLRPCDecoder.m */; };
		CCB98003195119E300BE8B45 /* WPXMLRPCDecoderDelegate.m in Sources */ = {isa = PBXBuildFile; fileRef = CCB97FFC195119E300BE8B45 /* WPXMLRPCDecoderDelegate.m */; };
		CCB98004195119E300BE8B45 /* WPXMLRPCEncoder.m in Sources */ = {isa = PBXBuildFile; fileRef = CCB97FFE195119E300BE8B45 /* WPXMLRPCEncoder.m */; };
		CCB9800E19511A1500BE8B45 /* petbot blue.png in Resources */ = {isa = PBXBuildFile; fileRef = CCB9800519511A1500BE8B45 /* petbot blue.png */; };
		CCB9800F19511A1500BE8B45 /* petbot blue_29.png in Resources */ = {isa = PBXBuildFile; fileRef = CCB9800619511A1500BE8B45 /* petbot blue_29.png */; };
		CCB9801019511A1500BE8B45 /* petbot blue_40.png in Resources */ = {isa = PBXBuildFile; fileRef = CCB9800719511A1500BE8B45 /* petbot blue_40.png */; };
		CCB9801119511A1500BE8B45 /* petbot blue_58.png in Resources */ = {isa = PBXBuildFile; fileRef = CCB9800819511A1500BE8B45 /* petbot blue_58.png */; };
		CCB9801219511A1500BE8B45 /* petbot blue_76.png in Resources */ = {isa = PBXBuildFile; fileRef = CCB9800919511A1500BE8B45 /* petbot blue_76.png */; };
		CCB9801319511A1500BE8B45 /* petbot blue_80.png in Resources */ = {isa = PBXBuildFile; fileRef = CCB9800A19511A1500BE8B45 /* petbot blue_80.png */; };
		CCB9801419511A1500BE8B45 /* petbot blue_120.png in Resources */ = {isa = PBXBuildFile; fileRef = CCB9800B19511A1500BE8B45 /* petbot blue_120.png */; };
		CCB9801519511A1500BE8B45 /* petbot blue_152.png in Resources */ = {isa = PBXBuildFile; fileRef = CCB9800C19511A1500BE8B45 /* petbot blue_152.png */; };
		CCB9801619511A1500BE8B45 /* petbot blue_1024.png in Resources */ = {isa = PBXBuildFile; fileRef = CCB9800D19511A1500BE8B45 /* petbot blue_1024.png */; };
		CCB9801819511A6B00BE8B45 /* dogs6.jpg in Resources */ = {isa = PBXBuildFile; fileRef = CCB9801719511A6B00BE8B45 /* dogs6.jpg */; };
		CCB9801A19511A6F00BE8B45 /* petbot_logo.png in Resources */ = {isa = PBXBuildFile; fileRef = CCB9801919511A6F00BE8B45 /* petbot_logo.png */; };
		CCC4EAE419424B550012F4F3 /* Foundation.framework in Frameworks */ = {isa = PBXBuildFile; fileRef = CCC4EAE319424B550012F4F3 /* Foundation.framework */; };
		CCC4EAE619424B550012F4F3 /* CoreGraphics.framework in Frameworks */ = {isa = PBXBuildFile; fileRef = CCC4EAE519424B550012F4F3 /* CoreGraphics.framework */; };
		CCC4EAE819424B550012F4F3 /* UIKit.framework in Frameworks */ = {isa = PBXBuildFile; fileRef = CCC4EAE719424B550012F4F3 /* UIKit.framework */; };
		CCC4EAEE19424B550012F4F3 /* InfoPlist.strings in Resources */ = {isa = PBXBuildFile; fileRef = CCC4EAEC19424B550012F4F3 /* InfoPlist.strings */; };
		CCC4EAF019424B550012F4F3 /* main.m in Sources */ = {isa = PBXBuildFile; fileRef = CCC4EAEF19424B550012F4F3 /* main.m */; };
		CCC4EAF419424B550012F4F3 /* AppDelegate.m in Sources */ = {isa = PBXBuildFile; fileRef = CCC4EAF319424B550012F4F3 /* AppDelegate.m */; };
		CCC4EAFA19424B550012F4F3 /* Main_iPad.storyboard in Resources */ = {isa = PBXBuildFile; fileRef = CCC4EAF819424B550012F4F3 /* Main_iPad.storyboard */; };
		CCC4EAFF19424B550012F4F3 /* Images.xcassets in Resources */ = {isa = PBXBuildFile; fileRef = CCC4EAFE19424B550012F4F3 /* Images.xcassets */; };
		CCC4EB0619424B550012F4F3 /* XCTest.framework in Frameworks */ = {isa = PBXBuildFile; fileRef = CCC4EB0519424B550012F4F3 /* XCTest.framework */; };
		CCC4EB0719424B550012F4F3 /* Foundation.framework in Frameworks */ = {isa = PBXBuildFile; fileRef = CCC4EAE319424B550012F4F3 /* Foundation.framework */; };
		CCC4EB0819424B550012F4F3 /* UIKit.framework in Frameworks */ = {isa = PBXBuildFile; fileRef = CCC4EAE719424B550012F4F3 /* UIKit.framework */; };
		CCC4EB1019424B550012F4F3 /* InfoPlist.strings in Resources */ = {isa = PBXBuildFile; fileRef = CCC4EB0E19424B550012F4F3 /* InfoPlist.strings */; };
		CCC4EB1219424B550012F4F3 /* PetBotTests.m in Sources */ = {isa = PBXBuildFile; fileRef = CCC4EB1119424B550012F4F3 /* PetBotTests.m */; };
		CCC4EB2819424BF90012F4F3 /* MediaPlayer.framework in Frameworks */ = {isa = PBXBuildFile; fileRef = CCC4EB2719424BF90012F4F3 /* MediaPlayer.framework */; };
		CCC4EB2A19424C030012F4F3 /* CoreAudio.framework in Frameworks */ = {isa = PBXBuildFile; fileRef = CCC4EB2919424C030012F4F3 /* CoreAudio.framework */; };
		CCC4EB2C19424C0B0012F4F3 /* AudioToolbox.framework in Frameworks */ = {isa = PBXBuildFile; fileRef = CCC4EB2B19424C0B0012F4F3 /* AudioToolbox.framework */; };
		CCC4EB2E19424C130012F4F3 /* Accelerate.framework in Frameworks */ = {isa = PBXBuildFile; fileRef = CCC4EB2D19424C130012F4F3 /* Accelerate.framework */; };
		CCC4EB3019424C1B0012F4F3 /* QuartzCore.framework in Frameworks */ = {isa = PBXBuildFile; fileRef = CCC4EB2F19424C1B0012F4F3 /* QuartzCore.framework */; };
		CCC4EB3219424C220012F4F3 /* OpenGLES.framework in Frameworks */ = {isa = PBXBuildFile; fileRef = CCC4EB3119424C220012F4F3 /* OpenGLES.framework */; };
		CCC4EB3419424C290012F4F3 /* libz.dylib in Frameworks */ = {isa = PBXBuildFile; fileRef = CCC4EB3319424C290012F4F3 /* libz.dylib */; };
		CCC4EB6819425F100012F4F3 /* libiconv.dylib in Frameworks */ = {isa = PBXBuildFile; fileRef = CCC4EB6719425F100012F4F3 /* libiconv.dylib */; };
		CCC4EBE91943BDD00012F4F3 /* LiveViewController.m in Sources */ = {isa = PBXBuildFile; fileRef = CCC4EBE81943BDD00012F4F3 /* LiveViewController.m */; };
		CCC4EC041943E33B0012F4F3 /* LoginViewController.m in Sources */ = {isa = PBXBuildFile; fileRef = CCC4EC031943E33B0012F4F3 /* LoginViewController.m */; };
		CCC4EC071943E4BC0012F4F3 /* PetConnection.m in Sources */ = {isa = PBXBuildFile; fileRef = CCC4EC061943E4BB0012F4F3 /* PetConnection.m */; };
		CCF139D01954182900AA9675 /* libavcodec.a in Frameworks */ = {isa = PBXBuildFile; fileRef = CCF139CA1954182900AA9675 /* libavcodec.a */; };
		CCF139D11954182900AA9675 /* libavformat.a in Frameworks */ = {isa = PBXBuildFile; fileRef = CCF139CB1954182900AA9675 /* libavformat.a */; };
		CCF139D21954182900AA9675 /* libavutil.a in Frameworks */ = {isa = PBXBuildFile; fileRef = CCF139CC1954182900AA9675 /* libavutil.a */; };
		CCF139D31954182900AA9675 /* libkxmovie.a in Frameworks */ = {isa = PBXBuildFile; fileRef = CCF139CD1954182900AA9675 /* libkxmovie.a */; };
		CCF139D41954182900AA9675 /* libswresample.a in Frameworks */ = {isa = PBXBuildFile; fileRef = CCF139CE1954182900AA9675 /* libswresample.a */; };
		CCF139D51954182900AA9675 /* libswscale.a in Frameworks */ = {isa = PBXBuildFile; fileRef = CCF139CF1954182900AA9675 /* libswscale.a */; };
		CCF139DC1954183800AA9675 /* kxmovie.bundle in Resources */ = {isa = PBXBuildFile; fileRef = CCF139D81954183800AA9675 /* kxmovie.bundle */; };
		CCF139DE1957AC7200AA9675 /* logo_smaller.png in Resources */ = {isa = PBXBuildFile; fileRef = CCF139DD1957AC7200AA9675 /* logo_smaller.png */; };
		CCF139E21957CC2B00AA9675 /* dogs4.jpg in Resources */ = {isa = PBXBuildFile; fileRef = CCF139E11957CC2B00AA9675 /* dogs4.jpg */; };
		CCF139F11957D57200AA9675 /* JNKeychain.m in Sources */ = {isa = PBXBuildFile; fileRef = CCF139EE1957D57200AA9675 /* JNKeychain.m */; };
		CCF139F21957D57200AA9675 /* LICENSE in Resources */ = {isa = PBXBuildFile; fileRef = CCF139EF1957D57200AA9675 /* LICENSE */; };
		CCF139F31957D57200AA9675 /* README.md in Resources */ = {isa = PBXBuildFile; fileRef = CCF139F01957D57200AA9675 /* README.md */; };
		CCF7006119626E110010350A /* Main_iPhone.storyboard in Resources */ = {isa = PBXBuildFile; fileRef = CCF7005F19626E110010350A /* Main_iPhone.storyboard */; };
/* End PBXBuildFile section */

/* Begin PBXContainerItemProxy section */
		CCC4EB0919424B550012F4F3 /* PBXContainerItemProxy */ = {
			isa = PBXContainerItemProxy;
			containerPortal = CCC4EAD819424B550012F4F3 /* Project object */;
			proxyType = 1;
			remoteGlobalIDString = CCC4EADF19424B550012F4F3;
			remoteInfo = PetBot;
		};
/* End PBXContainerItemProxy section */

/* Begin PBXFileReference section */
		CC14C6321953E0D700BAEF6C /* GCDAsyncUdpSocket.h */ = {isa = PBXFileReference; fileEncoding = 4; lastKnownFileType = sourcecode.c.h; path = GCDAsyncUdpSocket.h; sourceTree = "<group>"; };
		CC14C6331953E0D700BAEF6C /* GCDAsyncUdpSocket.m */ = {isa = PBXFileReference; fileEncoding = 4; lastKnownFileType = sourcecode.c.objc; path = GCDAsyncUdpSocket.m; sourceTree = "<group>"; };
		CC14C6361953E0D700BAEF6C /* STUN-Prefix.pch */ = {isa = PBXFileReference; fileEncoding = 4; lastKnownFileType = sourcecode.c.h; path = "STUN-Prefix.pch"; sourceTree = "<group>"; };
		CC14C6371953E0D700BAEF6C /* STUNClient.h */ = {isa = PBXFileReference; fileEncoding = 4; lastKnownFileType = sourcecode.c.h; path = STUNClient.h; sourceTree = "<group>"; };
		CC14C6381953E0D700BAEF6C /* STUNClient.m */ = {isa = PBXFileReference; fileEncoding = 4; lastKnownFileType = sourcecode.c.objc; path = STUNClient.m; sourceTree = "<group>"; };
		CC173510195131AD004B7B4B /* kxmovie.bundle */ = {isa = PBXFileReference; lastKnownFileType = "wrapper.plug-in"; name = kxmovie.bundle; path = ../kxmovie.bundle; sourceTree = "<group>"; };
		CC60826D1961E16B00B59839 /* SoundPickerViewController.h */ = {isa = PBXFileReference; fileEncoding = 4; lastKnownFileType = sourcecode.c.h; path = SoundPickerViewController.h; sourceTree = "<group>"; };
		CC60826E1961E16B00B59839 /* SoundPickerViewController.m */ = {isa = PBXFileReference; fileEncoding = 4; lastKnownFileType = sourcecode.c.objc; path = SoundPickerViewController.m; sourceTree = "<group>"; };
		CCB97FF2195119E300BE8B45 /* WPBase64Utils.h */ = {isa = PBXFileReference; fileEncoding = 4; lastKnownFileType = sourcecode.c.h; path = WPBase64Utils.h; sourceTree = "<group>"; };
		CCB97FF3195119E300BE8B45 /* WPBase64Utils.m */ = {isa = PBXFileReference; fileEncoding = 4; lastKnownFileType = sourcecode.c.objc; path = WPBase64Utils.m; sourceTree = "<group>"; };
		CCB97FF4195119E300BE8B45 /* WPStringUtils.h */ = {isa = PBXFileReference; fileEncoding = 4; lastKnownFileType = sourcecode.c.h; path = WPStringUtils.h; sourceTree = "<group>"; };
		CCB97FF5195119E300BE8B45 /* WPStringUtils.m */ = {isa = PBXFileReference; fileEncoding = 4; lastKnownFileType = sourcecode.c.objc; path = WPStringUtils.m; sourceTree = "<group>"; };
		CCB97FF6195119E300BE8B45 /* WPXMLRPC.h */ = {isa = PBXFileReference; fileEncoding = 4; lastKnownFileType = sourcecode.c.h; path = WPXMLRPC.h; sourceTree = "<group>"; };
		CCB97FF7195119E300BE8B45 /* WPXMLRPCDataCleaner.h */ = {isa = PBXFileReference; fileEncoding = 4; lastKnownFileType = sourcecode.c.h; path = WPXMLRPCDataCleaner.h; sourceTree = "<group>"; };
		CCB97FF8195119E300BE8B45 /* WPXMLRPCDataCleaner.m */ = {isa = PBXFileReference; fileEncoding = 4; lastKnownFileType = sourcecode.c.objc; path = WPXMLRPCDataCleaner.m; sourceTree = "<group>"; };
		CCB97FF9195119E300BE8B45 /* WPXMLRPCDecoder.h */ = {isa = PBXFileReference; fileEncoding = 4; lastKnownFileType = sourcecode.c.h; path = WPXMLRPCDecoder.h; sourceTree = "<group>"; };
		CCB97FFA195119E300BE8B45 /* WPXMLRPCDecoder.m */ = {isa = PBXFileReference; fileEncoding = 4; lastKnownFileType = sourcecode.c.objc; path = WPXMLRPCDecoder.m; sourceTree = "<group>"; };
		CCB97FFB195119E300BE8B45 /* WPXMLRPCDecoderDelegate.h */ = {isa = PBXFileReference; fileEncoding = 4; lastKnownFileType = sourcecode.c.h; path = WPXMLRPCDecoderDelegate.h; sourceTree = "<group>"; };
		CCB97FFC195119E300BE8B45 /* WPXMLRPCDecoderDelegate.m */ = {isa = PBXFileReference; fileEncoding = 4; lastKnownFileType = sourcecode.c.objc; path = WPXMLRPCDecoderDelegate.m; sourceTree = "<group>"; };
		CCB97FFD195119E300BE8B45 /* WPXMLRPCEncoder.h */ = {isa = PBXFileReference; fileEncoding = 4; lastKnownFileType = sourcecode.c.h; path = WPXMLRPCEncoder.h; sourceTree = "<group>"; };
		CCB97FFE195119E300BE8B45 /* WPXMLRPCEncoder.m */ = {isa = PBXFileReference; fileEncoding = 4; lastKnownFileType = sourcecode.c.objc; path = WPXMLRPCEncoder.m; sourceTree = "<group>"; };
		CCB9800519511A1500BE8B45 /* petbot blue.png */ = {isa = PBXFileReference; lastKnownFileType = image.png; path = "petbot blue.png"; sourceTree = "<group>"; };
		CCB9800619511A1500BE8B45 /* petbot blue_29.png */ = {isa = PBXFileReference; lastKnownFileType = image.png; path = "petbot blue_29.png"; sourceTree = "<group>"; };
		CCB9800719511A1500BE8B45 /* petbot blue_40.png */ = {isa = PBXFileReference; lastKnownFileType = image.png; path = "petbot blue_40.png"; sourceTree = "<group>"; };
		CCB9800819511A1500BE8B45 /* petbot blue_58.png */ = {isa = PBXFileReference; lastKnownFileType = image.png; path = "petbot blue_58.png"; sourceTree = "<group>"; };
		CCB9800919511A1500BE8B45 /* petbot blue_76.png */ = {isa = PBXFileReference; lastKnownFileType = image.png; path = "petbot blue_76.png"; sourceTree = "<group>"; };
		CCB9800A19511A1500BE8B45 /* petbot blue_80.png */ = {isa = PBXFileReference; lastKnownFileType = image.png; path = "petbot blue_80.png"; sourceTree = "<group>"; };
		CCB9800B19511A1500BE8B45 /* petbot blue_120.png */ = {isa = PBXFileReference; lastKnownFileType = image.png; path = "petbot blue_120.png"; sourceTree = "<group>"; };
		CCB9800C19511A1500BE8B45 /* petbot blue_152.png */ = {isa = PBXFileReference; lastKnownFileType = image.png; path = "petbot blue_152.png"; sourceTree = "<group>"; };
		CCB9800D19511A1500BE8B45 /* petbot blue_1024.png */ = {isa = PBXFileReference; lastKnownFileType = image.png; path = "petbot blue_1024.png"; sourceTree = "<group>"; };
		CCB9801719511A6B00BE8B45 /* dogs6.jpg */ = {isa = PBXFileReference; lastKnownFileType = image.jpeg; path = dogs6.jpg; sourceTree = "<group>"; };
		CCB9801919511A6F00BE8B45 /* petbot_logo.png */ = {isa = PBXFileReference; lastKnownFileType = image.png; path = petbot_logo.png; sourceTree = "<group>"; };
		CCC4EAE019424B550012F4F3 /* PetBot.app */ = {isa = PBXFileReference; explicitFileType = wrapper.application; includeInIndex = 0; path = PetBot.app; sourceTree = BUILT_PRODUCTS_DIR; };
		CCC4EAE319424B550012F4F3 /* Foundation.framework */ = {isa = PBXFileReference; lastKnownFileType = wrapper.framework; name = Foundation.framework; path = System/Library/Frameworks/Foundation.framework; sourceTree = SDKROOT; };
		CCC4EAE519424B550012F4F3 /* CoreGraphics.framework */ = {isa = PBXFileReference; lastKnownFileType = wrapper.framework; name = CoreGraphics.framework; path = System/Library/Frameworks/CoreGraphics.framework; sourceTree = SDKROOT; };
		CCC4EAE719424B550012F4F3 /* UIKit.framework */ = {isa = PBXFileReference; lastKnownFileType = wrapper.framework; name = UIKit.framework; path = System/Library/Frameworks/UIKit.framework; sourceTree = SDKROOT; };
		CCC4EAEB19424B550012F4F3 /* PetBot-Info.plist */ = {isa = PBXFileReference; lastKnownFileType = text.plist.xml; path = "PetBot-Info.plist"; sourceTree = "<group>"; };
		CCC4EAED19424B550012F4F3 /* en */ = {isa = PBXFileReference; lastKnownFileType = text.plist.strings; name = en; path = en.lproj/InfoPlist.strings; sourceTree = "<group>"; };
		CCC4EAEF19424B550012F4F3 /* main.m */ = {isa = PBXFileReference; lastKnownFileType = sourcecode.c.objc; path = main.m; sourceTree = "<group>"; };
		CCC4EAF119424B550012F4F3 /* PetBot-Prefix.pch */ = {isa = PBXFileReference; lastKnownFileType = sourcecode.c.h; path = "PetBot-Prefix.pch"; sourceTree = "<group>"; };
		CCC4EAF219424B550012F4F3 /* AppDelegate.h */ = {isa = PBXFileReference; lastKnownFileType = sourcecode.c.h; path = AppDelegate.h; sourceTree = "<group>"; };
		CCC4EAF319424B550012F4F3 /* AppDelegate.m */ = {isa = PBXFileReference; lastKnownFileType = sourcecode.c.objc; path = AppDelegate.m; sourceTree = "<group>"; };
		CCC4EAF919424B550012F4F3 /* Base */ = {isa = PBXFileReference; lastKnownFileType = file.storyboard; name = Base; path = Base.lproj/Main_iPad.storyboard; sourceTree = "<group>"; };
		CCC4EAFE19424B550012F4F3 /* Images.xcassets */ = {isa = PBXFileReference; lastKnownFileType = folder.assetcatalog; path = Images.xcassets; sourceTree = "<group>"; };
		CCC4EB0419424B550012F4F3 /* PetBotTests.xctest */ = {isa = PBXFileReference; explicitFileType = wrapper.cfbundle; includeInIndex = 0; path = PetBotTests.xctest; sourceTree = BUILT_PRODUCTS_DIR; };
		CCC4EB0519424B550012F4F3 /* XCTest.framework */ = {isa = PBXFileReference; lastKnownFileType = wrapper.framework; name = XCTest.framework; path = Library/Frameworks/XCTest.framework; sourceTree = DEVELOPER_DIR; };
		CCC4EB0D19424B550012F4F3 /* PetBotTests-Info.plist */ = {isa = PBXFileReference; lastKnownFileType = text.plist.xml; path = "PetBotTests-Info.plist"; sourceTree = "<group>"; };
		CCC4EB0F19424B550012F4F3 /* en */ = {isa = PBXFileReference; lastKnownFileType = text.plist.strings; name = en; path = en.lproj/InfoPlist.strings; sourceTree = "<group>"; };
		CCC4EB1119424B550012F4F3 /* PetBotTests.m */ = {isa = PBXFileReference; lastKnownFileType = sourcecode.c.objc; path = PetBotTests.m; sourceTree = "<group>"; };
		CCC4EB2719424BF90012F4F3 /* MediaPlayer.framework */ = {isa = PBXFileReference; lastKnownFileType = wrapper.framework; name = MediaPlayer.framework; path = System/Library/Frameworks/MediaPlayer.framework; sourceTree = SDKROOT; };
		CCC4EB2919424C030012F4F3 /* CoreAudio.framework */ = {isa = PBXFileReference; lastKnownFileType = wrapper.framework; name = CoreAudio.framework; path = System/Library/Frameworks/CoreAudio.framework; sourceTree = SDKROOT; };
		CCC4EB2B19424C0B0012F4F3 /* AudioToolbox.framework */ = {isa = PBXFileReference; lastKnownFileType = wrapper.framework; name = AudioToolbox.framework; path = System/Library/Frameworks/AudioToolbox.framework; sourceTree = SDKROOT; };
		CCC4EB2D19424C130012F4F3 /* Accelerate.framework */ = {isa = PBXFileReference; lastKnownFileType = wrapper.framework; name = Accelerate.framework; path = System/Library/Frameworks/Accelerate.framework; sourceTree = SDKROOT; };
		CCC4EB2F19424C1B0012F4F3 /* QuartzCore.framework */ = {isa = PBXFileReference; lastKnownFileType = wrapper.framework; name = QuartzCore.framework; path = System/Library/Frameworks/QuartzCore.framework; sourceTree = SDKROOT; };
		CCC4EB3119424C220012F4F3 /* OpenGLES.framework */ = {isa = PBXFileReference; lastKnownFileType = wrapper.framework; name = OpenGLES.framework; path = System/Library/Frameworks/OpenGLES.framework; sourceTree = SDKROOT; };
		CCC4EB3319424C290012F4F3 /* libz.dylib */ = {isa = PBXFileReference; lastKnownFileType = "compiled.mach-o.dylib"; name = libz.dylib; path = usr/lib/libz.dylib; sourceTree = SDKROOT; };
		CCC4EB6719425F100012F4F3 /* libiconv.dylib */ = {isa = PBXFileReference; lastKnownFileType = "compiled.mach-o.dylib"; name = libiconv.dylib; path = usr/lib/libiconv.dylib; sourceTree = SDKROOT; };
		CCC4EBE71943BDD00012F4F3 /* LiveViewController.h */ = {isa = PBXFileReference; fileEncoding = 4; lastKnownFileType = sourcecode.c.h; path = LiveViewController.h; sourceTree = "<group>"; };
		CCC4EBE81943BDD00012F4F3 /* LiveViewController.m */ = {isa = PBXFileReference; fileEncoding = 4; lastKnownFileType = sourcecode.c.objc; path = LiveViewController.m; sourceTree = "<group>"; };
		CCC4EC021943E33B0012F4F3 /* LoginViewController.h */ = {isa = PBXFileReference; fileEncoding = 4; lastKnownFileType = sourcecode.c.h; path = LoginViewController.h; sourceTree = "<group>"; };
		CCC4EC031943E33B0012F4F3 /* LoginViewController.m */ = {isa = PBXFileReference; fileEncoding = 4; lastKnownFileType = sourcecode.c.objc; path = LoginViewController.m; sourceTree = "<group>"; };
		CCC4EC051943E4BB0012F4F3 /* PetConnection.h */ = {isa = PBXFileReference; fileEncoding = 4; lastKnownFileType = sourcecode.c.h; name = PetConnection.h; path = ../PetConnection.h; sourceTree = "<group>"; };
		CCC4EC061943E4BB0012F4F3 /* PetConnection.m */ = {isa = PBXFileReference; fileEncoding = 4; lastKnownFileType = sourcecode.c.objc; name = PetConnection.m; path = ../PetConnection.m; sourceTree = "<group>"; };
		CCF139CA1954182900AA9675 /* libavcodec.a */ = {isa = PBXFileReference; lastKnownFileType = archive.ar; path = libavcodec.a; sourceTree = "<group>"; };
		CCF139CB1954182900AA9675 /* libavformat.a */ = {isa = PBXFileReference; lastKnownFileType = archive.ar; path = libavformat.a; sourceTree = "<group>"; };
		CCF139CC1954182900AA9675 /* libavutil.a */ = {isa = PBXFileReference; lastKnownFileType = archive.ar; path = libavutil.a; sourceTree = "<group>"; };
		CCF139CD1954182900AA9675 /* libkxmovie.a */ = {isa = PBXFileReference; lastKnownFileType = archive.ar; path = libkxmovie.a; sourceTree = "<group>"; };
		CCF139CE1954182900AA9675 /* libswresample.a */ = {isa = PBXFileReference; lastKnownFileType = archive.ar; path = libswresample.a; sourceTree = "<group>"; };
		CCF139CF1954182900AA9675 /* libswscale.a */ = {isa = PBXFileReference; lastKnownFileType = archive.ar; path = libswscale.a; sourceTree = "<group>"; };
		CCF139D61954183800AA9675 /* KxAudioManager.h */ = {isa = PBXFileReference; fileEncoding = 4; lastKnownFileType = sourcecode.c.h; path = KxAudioManager.h; sourceTree = "<group>"; };
		CCF139D71954183800AA9675 /* KxLogger.h */ = {isa = PBXFileReference; fileEncoding = 4; lastKnownFileType = sourcecode.c.h; path = KxLogger.h; sourceTree = "<group>"; };
		CCF139D81954183800AA9675 /* kxmovie.bundle */ = {isa = PBXFileReference; lastKnownFileType = "wrapper.plug-in"; path = kxmovie.bundle; sourceTree = "<group>"; };
		CCF139D91954183800AA9675 /* KxMovieDecoder.h */ = {isa = PBXFileReference; fileEncoding = 4; lastKnownFileType = sourcecode.c.h; path = KxMovieDecoder.h; sourceTree = "<group>"; };
		CCF139DA1954183800AA9675 /* KxMovieGLView.h */ = {isa = PBXFileReference; fileEncoding = 4; lastKnownFileType = sourcecode.c.h; path = KxMovieGLView.h; sourceTree = "<group>"; };
		CCF139DB1954183800AA9675 /* KxMovieViewController.h */ = {isa = PBXFileReference; fileEncoding = 4; lastKnownFileType = sourcecode.c.h; path = KxMovieViewController.h; sourceTree = "<group>"; };
		CCF139DD1957AC7200AA9675 /* logo_smaller.png */ = {isa = PBXFileReference; lastKnownFileType = image.png; path = logo_smaller.png; sourceTree = SOURCE_ROOT; };
		CCF139E11957CC2B00AA9675 /* dogs4.jpg */ = {isa = PBXFileReference; lastKnownFileType = image.jpeg; name = dogs4.jpg; path = ../../../petbot/code/server/petbot/petbot/static/imgs/dogs4.jpg; sourceTree = "<group>"; };
		CCF139ED1957D57200AA9675 /* JNKeychain.h */ = {isa = PBXFileReference; fileEncoding = 4; lastKnownFileType = sourcecode.c.h; path = JNKeychain.h; sourceTree = "<group>"; };
		CCF139EE1957D57200AA9675 /* JNKeychain.m */ = {isa = PBXFileReference; fileEncoding = 4; lastKnownFileType = sourcecode.c.objc; path = JNKeychain.m; sourceTree = "<group>"; };
		CCF139EF1957D57200AA9675 /* LICENSE */ = {isa = PBXFileReference; fileEncoding = 4; lastKnownFileType = text; path = LICENSE; sourceTree = "<group>"; };
		CCF139F01957D57200AA9675 /* README.md */ = {isa = PBXFileReference; fileEncoding = 4; lastKnownFileType = text; path = README.md; sourceTree = "<group>"; };
		CCF7006019626E110010350A /* Base */ = {isa = PBXFileReference; lastKnownFileType = file.storyboard; name = Base; path = Base.lproj/Main_iPhone.storyboard; sourceTree = "<group>"; };
/* End PBXFileReference section */

/* Begin PBXFrameworksBuildPhase section */
		CCC4EADD19424B550012F4F3 /* Frameworks */ = {
			isa = PBXFrameworksBuildPhase;
			buildActionMask = 2147483647;
			files = (
				CCC4EB6819425F100012F4F3 /* libiconv.dylib in Frameworks */,
				CCC4EB3419424C290012F4F3 /* libz.dylib in Frameworks */,
				CCC4EB3219424C220012F4F3 /* OpenGLES.framework in Frameworks */,
				CCC4EB3019424C1B0012F4F3 /* QuartzCore.framework in Frameworks */,
				CCF139D21954182900AA9675 /* libavutil.a in Frameworks */,
				CCC4EB2E19424C130012F4F3 /* Accelerate.framework in Frameworks */,
				CCC4EB2C19424C0B0012F4F3 /* AudioToolbox.framework in Frameworks */,
				CCC4EB2A19424C030012F4F3 /* CoreAudio.framework in Frameworks */,
				CCF139D41954182900AA9675 /* libswresample.a in Frameworks */,
				CCF139D11954182900AA9675 /* libavformat.a in Frameworks */,
				CCC4EB2819424BF90012F4F3 /* MediaPlayer.framework in Frameworks */,
				CCC4EAE619424B550012F4F3 /* CoreGraphics.framework in Frameworks */,
				CCF139D51954182900AA9675 /* libswscale.a in Frameworks */,
				CCF139D31954182900AA9675 /* libkxmovie.a in Frameworks */,
				CCC4EAE819424B550012F4F3 /* UIKit.framework in Frameworks */,
				CCC4EAE419424B550012F4F3 /* Foundation.framework in Frameworks */,
				CCF139D01954182900AA9675 /* libavcodec.a in Frameworks */,
			);
			runOnlyForDeploymentPostprocessing = 0;
		};
		CCC4EB0119424B550012F4F3 /* Frameworks */ = {
			isa = PBXFrameworksBuildPhase;
			buildActionMask = 2147483647;
			files = (
				CCC4EB0619424B550012F4F3 /* XCTest.framework in Frameworks */,
				CCC4EB0819424B550012F4F3 /* UIKit.framework in Frameworks */,
				CCC4EB0719424B550012F4F3 /* Foundation.framework in Frameworks */,
			);
			runOnlyForDeploymentPostprocessing = 0;
		};
/* End PBXFrameworksBuildPhase section */

/* Begin PBXGroup section */
		CC14C62D1953E0D700BAEF6C /* STUN */ = {
			isa = PBXGroup;
			children = (
				CC14C6321953E0D700BAEF6C /* GCDAsyncUdpSocket.h */,
				CC14C6331953E0D700BAEF6C /* GCDAsyncUdpSocket.m */,
				CC14C6361953E0D700BAEF6C /* STUN-Prefix.pch */,
				CC14C6371953E0D700BAEF6C /* STUNClient.h */,
				CC14C6381953E0D700BAEF6C /* STUNClient.m */,
			);
			path = STUN;
			sourceTree = "<group>";
		};
		CCB97FF1195119E300BE8B45 /* WPXMLRPC */ = {
			isa = PBXGroup;
			children = (
				CCB97FF2195119E300BE8B45 /* WPBase64Utils.h */,
				CCB97FF3195119E300BE8B45 /* WPBase64Utils.m */,
				CCB97FF4195119E300BE8B45 /* WPStringUtils.h */,
				CCB97FF5195119E300BE8B45 /* WPStringUtils.m */,
				CCB97FF6195119E300BE8B45 /* WPXMLRPC.h */,
				CCB97FF7195119E300BE8B45 /* WPXMLRPCDataCleaner.h */,
				CCB97FF8195119E300BE8B45 /* WPXMLRPCDataCleaner.m */,
				CCB97FF9195119E300BE8B45 /* WPXMLRPCDecoder.h */,
				CCB97FFA195119E300BE8B45 /* WPXMLRPCDecoder.m */,
				CCB97FFB195119E300BE8B45 /* WPXMLRPCDecoderDelegate.h */,
				CCB97FFC195119E300BE8B45 /* WPXMLRPCDecoderDelegate.m */,
				CCB97FFD195119E300BE8B45 /* WPXMLRPCEncoder.h */,
				CCB97FFE195119E300BE8B45 /* WPXMLRPCEncoder.m */,
			);
			path = WPXMLRPC;
			sourceTree = "<group>";
		};
		CCC4EAD719424B550012F4F3 = {
			isa = PBXGroup;
			children = (
				CCC4EAE919424B550012F4F3 /* PetBot */,
				CCC4EB0B19424B550012F4F3 /* PetBotTests */,
				CCC4EAE219424B550012F4F3 /* Frameworks */,
				CCC4EAE119424B550012F4F3 /* Products */,
			);
			sourceTree = "<group>";
		};
		CCC4EAE119424B550012F4F3 /* Products */ = {
			isa = PBXGroup;
			children = (
				CCC4EAE019424B550012F4F3 /* PetBot.app */,
				CCC4EB0419424B550012F4F3 /* PetBotTests.xctest */,
			);
			name = Products;
			sourceTree = "<group>";
		};
		CCC4EAE219424B550012F4F3 /* Frameworks */ = {
			isa = PBXGroup;
			children = (
				CCC4EB6719425F100012F4F3 /* libiconv.dylib */,
				CCC4EB3319424C290012F4F3 /* libz.dylib */,
				CCC4EB3119424C220012F4F3 /* OpenGLES.framework */,
				CCC4EB2F19424C1B0012F4F3 /* QuartzCore.framework */,
				CCC4EB2D19424C130012F4F3 /* Accelerate.framework */,
				CCC4EB2B19424C0B0012F4F3 /* AudioToolbox.framework */,
				CCC4EB2919424C030012F4F3 /* CoreAudio.framework */,
				CCC4EB2719424BF90012F4F3 /* MediaPlayer.framework */,
				CCC4EAE319424B550012F4F3 /* Foundation.framework */,
				CCC4EAE519424B550012F4F3 /* CoreGraphics.framework */,
				CCC4EAE719424B550012F4F3 /* UIKit.framework */,
				CCC4EB0519424B550012F4F3 /* XCTest.framework */,
			);
			name = Frameworks;
			sourceTree = "<group>";
		};
		CCC4EAE919424B550012F4F3 /* PetBot */ = {
			isa = PBXGroup;
			children = (
				CC173510195131AD004B7B4B /* kxmovie.bundle */,
				CCB97FF1195119E300BE8B45 /* WPXMLRPC */,
				CCC4EC051943E4BB0012F4F3 /* PetConnection.h */,
				CC14C62D1953E0D700BAEF6C /* STUN */,
				CCC4EC061943E4BB0012F4F3 /* PetConnection.m */,
				CCF139EC1957D57200AA9675 /* JNKeychain */,
				CCB9800519511A1500BE8B45 /* petbot blue.png */,
				CCB9800619511A1500BE8B45 /* petbot blue_29.png */,
				CCB9800719511A1500BE8B45 /* petbot blue_40.png */,
				CCF139DD1957AC7200AA9675 /* logo_smaller.png */,
				CCF139CA1954182900AA9675 /* libavcodec.a */,
				CCF139CB1954182900AA9675 /* libavformat.a */,
				CCF139CC1954182900AA9675 /* libavutil.a */,
				CCF139CD1954182900AA9675 /* libkxmovie.a */,
				CCF139CE1954182900AA9675 /* libswresample.a */,
				CCF139CF1954182900AA9675 /* libswscale.a */,
				CCF139D61954183800AA9675 /* KxAudioManager.h */,
				CCF139D71954183800AA9675 /* KxLogger.h */,
				CCF139D81954183800AA9675 /* kxmovie.bundle */,
				CCF139D91954183800AA9675 /* KxMovieDecoder.h */,
				CCF139DA1954183800AA9675 /* KxMovieGLView.h */,
				CCF139DB1954183800AA9675 /* KxMovieViewController.h */,
				CCB9800819511A1500BE8B45 /* petbot blue_58.png */,
				CCB9800919511A1500BE8B45 /* petbot blue_76.png */,
				CCB9800A19511A1500BE8B45 /* petbot blue_80.png */,
				CCB9800B19511A1500BE8B45 /* petbot blue_120.png */,
				CCB9800C19511A1500BE8B45 /* petbot blue_152.png */,
				CCB9800D19511A1500BE8B45 /* petbot blue_1024.png */,
				CCB9801919511A6F00BE8B45 /* petbot_logo.png */,
				CCF7005F19626E110010350A /* Main_iPhone.storyboard */,
				CCF139E11957CC2B00AA9675 /* dogs4.jpg */,
				CCB9801719511A6B00BE8B45 /* dogs6.jpg */,
				CCC4EAF219424B550012F4F3 /* AppDelegate.h */,
				CCC4EAF319424B550012F4F3 /* AppDelegate.m */,
				CC60826D1961E16B00B59839 /* SoundPickerViewController.h */,
				CC60826E1961E16B00B59839 /* SoundPickerViewController.m */,
				CCC4EAF819424B550012F4F3 /* Main_iPad.storyboard */,
				CCC4EC021943E33B0012F4F3 /* LoginViewController.h */,
				CCC4EC031943E33B0012F4F3 /* LoginViewController.m */,
				CCC4EBE71943BDD00012F4F3 /* LiveViewController.h */,
				CCC4EBE81943BDD00012F4F3 /* LiveViewController.m */,
				CCC4EAFE19424B550012F4F3 /* Images.xcassets */,
				CCC4EAEA19424B550012F4F3 /* Supporting Files */,
			);
			path = PetBot;
			sourceTree = SOURCE_ROOT;
		};
		CCC4EAEA19424B550012F4F3 /* Supporting Files */ = {
			isa = PBXGroup;
			children = (
				CCC4EAEB19424B550012F4F3 /* PetBot-Info.plist */,
				CCC4EAEC19424B550012F4F3 /* InfoPlist.strings */,
				CCC4EAEF19424B550012F4F3 /* main.m */,
				CCC4EAF119424B550012F4F3 /* PetBot-Prefix.pch */,
			);
			name = "Supporting Files";
			sourceTree = "<group>";
		};
		CCC4EB0B19424B550012F4F3 /* PetBotTests */ = {
			isa = PBXGroup;
			children = (
				CCC4EB1119424B550012F4F3 /* PetBotTests.m */,
				CCC4EB0C19424B550012F4F3 /* Supporting Files */,
			);
			path = PetBotTests;
			sourceTree = SOURCE_ROOT;
		};
		CCC4EB0C19424B550012F4F3 /* Supporting Files */ = {
			isa = PBXGroup;
			children = (
				CCC4EB0D19424B550012F4F3 /* PetBotTests-Info.plist */,
				CCC4EB0E19424B550012F4F3 /* InfoPlist.strings */,
			);
			name = "Supporting Files";
			sourceTree = "<group>";
		};
		CCF139EC1957D57200AA9675 /* JNKeychain */ = {
			isa = PBXGroup;
			children = (
				CCF139ED1957D57200AA9675 /* JNKeychain.h */,
				CCF139EE1957D57200AA9675 /* JNKeychain.m */,
				CCF139EF1957D57200AA9675 /* LICENSE */,
				CCF139F01957D57200AA9675 /* README.md */,
			);
			path = JNKeychain;
			sourceTree = SOURCE_ROOT;
		};
/* End PBXGroup section */

/* Begin PBXNativeTarget section */
		CCC4EADF19424B550012F4F3 /* PetBot */ = {
			isa = PBXNativeTarget;
			buildConfigurationList = CCC4EB1519424B550012F4F3 /* Build configuration list for PBXNativeTarget "PetBot" */;
			buildPhases = (
				CCC4EADC19424B550012F4F3 /* Sources */,
				CCC4EADD19424B550012F4F3 /* Frameworks */,
				CCC4EADE19424B550012F4F3 /* Resources */,
			);
			buildRules = (
			);
			dependencies = (
			);
			name = PetBot;
			productName = PetBot;
			productReference = CCC4EAE019424B550012F4F3 /* PetBot.app */;
			productType = "com.apple.product-type.application";
		};
		CCC4EB0319424B550012F4F3 /* PetBotTests */ = {
			isa = PBXNativeTarget;
			buildConfigurationList = CCC4EB1819424B550012F4F3 /* Build configuration list for PBXNativeTarget "PetBotTests" */;
			buildPhases = (
				CCC4EB0019424B550012F4F3 /* Sources */,
				CCC4EB0119424B550012F4F3 /* Frameworks */,
				CCC4EB0219424B550012F4F3 /* Resources */,
			);
			buildRules = (
			);
			dependencies = (
				CCC4EB0A19424B550012F4F3 /* PBXTargetDependency */,
			);
			name = PetBotTests;
			productName = PetBotTests;
			productReference = CCC4EB0419424B550012F4F3 /* PetBotTests.xctest */;
			productType = "com.apple.product-type.bundle.unit-test";
		};
/* End PBXNativeTarget section */

/* Begin PBXProject section */
		CCC4EAD819424B550012F4F3 /* Project object */ = {
			isa = PBXProject;
			attributes = {
				LastUpgradeCheck = 0510;
				ORGANIZATIONNAME = PetBot;
				TargetAttributes = {
					CCC4EB0319424B550012F4F3 = {
						TestTargetID = CCC4EADF19424B550012F4F3;
					};
				};
			};
			buildConfigurationList = CCC4EADB19424B550012F4F3 /* Build configuration list for PBXProject "PetBot" */;
			compatibilityVersion = "Xcode 3.2";
			developmentRegion = English;
			hasScannedForEncodings = 0;
			knownRegions = (
				en,
				Base,
			);
			mainGroup = CCC4EAD719424B550012F4F3;
			productRefGroup = CCC4EAE119424B550012F4F3 /* Products */;
			projectDirPath = "";
			projectRoot = "";
			targets = (
				CCC4EADF19424B550012F4F3 /* PetBot */,
				CCC4EB0319424B550012F4F3 /* PetBotTests */,
			);
		};
/* End PBXProject section */

/* Begin PBXResourcesBuildPhase section */
		CCC4EADE19424B550012F4F3 /* Resources */ = {
			isa = PBXResourcesBuildPhase;
			buildActionMask = 2147483647;
			files = (
				CCB9801A19511A6F00BE8B45 /* petbot_logo.png in Resources */,
				CCB9800E19511A1500BE8B45 /* petbot blue.png in Resources */,
				CCC4EAFA19424B550012F4F3 /* Main_iPad.storyboard in Resources */,
				CCF139F31957D57200AA9675 /* README.md in Resources */,
				CCB9801419511A1500BE8B45 /* petbot blue_120.png in Resources */,
				CCF7006119626E110010350A /* Main_iPhone.storyboard in Resources */,
				CCB9801619511A1500BE8B45 /* petbot blue_1024.png in Resources */,
				CCF139DC1954183800AA9675 /* kxmovie.bundle in Resources */,
				CCB9801819511A6B00BE8B45 /* dogs6.jpg in Resources */,
				CCF139E21957CC2B00AA9675 /* dogs4.jpg in Resources */,
				CCB9801219511A1500BE8B45 /* petbot blue_76.png in Resources */,
				CCC4EAFF19424B550012F4F3 /* Images.xcassets in Resources */,
				CCB9801019511A1500BE8B45 /* petbot blue_40.png in Resources */,
				CC173517195131AD004B7B4B /* kxmovie.bundle in Resources */,
				CCB9801319511A1500BE8B45 /* petbot blue_80.png in Resources */,
				CCF139F21957D57200AA9675 /* LICENSE in Resources */,
				CCB9800F19511A1500BE8B45 /* petbot blue_29.png in Resources */,
				CCB9801519511A1500BE8B45 /* petbot blue_152.png in Resources */,
				CCC4EAEE19424B550012F4F3 /* InfoPlist.strings in Resources */,
				CCB9801119511A1500BE8B45 /* petbot blue_58.png in Resources */,
				CCF139DE1957AC7200AA9675 /* logo_smaller.png in Resources */,
			);
			runOnlyForDeploymentPostprocessing = 0;
		};
		CCC4EB0219424B550012F4F3 /* Resources */ = {
			isa = PBXResourcesBuildPhase;
			buildActionMask = 2147483647;
			files = (
				CCC4EB1019424B550012F4F3 /* InfoPlist.strings in Resources */,
			);
			runOnlyForDeploymentPostprocessing = 0;
		};
/* End PBXResourcesBuildPhase section */

/* Begin PBXSourcesBuildPhase section */
		CCC4EADC19424B550012F4F3 /* Sources */ = {
			isa = PBXSourcesBuildPhase;
			buildActionMask = 2147483647;
			files = (
				CCF139F11957D57200AA9675 /* JNKeychain.m in Sources */,
				CCC4EAF419424B550012F4F3 /* AppDelegate.m in Sources */,
				CCB98001195119E300BE8B45 /* WPXMLRPCDataCleaner.m in Sources */,
				CCB97FFF195119E300BE8B45 /* WPBase64Utils.m in Sources */,
				CCC4EC071943E4BC0012F4F3 /* PetConnection.m in Sources */,
				CCB98003195119E300BE8B45 /* WPXMLRPCDecoderDelegate.m in Sources */,
				CC14C63E1953E0D700BAEF6C /* STUNClient.m in Sources */,
				CCB98004195119E300BE8B45 /* WPXMLRPCEncoder.m in Sources */,
				CCC4EBE91943BDD00012F4F3 /* LiveViewController.m in Sources */,
				CCC4EAF019424B550012F4F3 /* main.m in Sources */,
				CCB98000195119E300BE8B45 /* WPStringUtils.m in Sources */,
				CCB98002195119E300BE8B45 /* WPXMLRPCDecoder.m in Sources */,
				CC60826F1961E16B00B59839 /* SoundPickerViewController.m in Sources */,
				CC14C63B1953E0D700BAEF6C /* GCDAsyncUdpSocket.m in Sources */,
				CCC4EC041943E33B0012F4F3 /* LoginViewController.m in Sources */,
			);
			runOnlyForDeploymentPostprocessing = 0;
		};
		CCC4EB0019424B550012F4F3 /* Sources */ = {
			isa = PBXSourcesBuildPhase;
			buildActionMask = 2147483647;
			files = (
				CCC4EB1219424B550012F4F3 /* PetBotTests.m in Sources */,
			);
			runOnlyForDeploymentPostprocessing = 0;
		};
/* End PBXSourcesBuildPhase section */

/* Begin PBXTargetDependency section */
		CCC4EB0A19424B550012F4F3 /* PBXTargetDependency */ = {
			isa = PBXTargetDependency;
			target = CCC4EADF19424B550012F4F3 /* PetBot */;
			targetProxy = CCC4EB0919424B550012F4F3 /* PBXContainerItemProxy */;
		};
/* End PBXTargetDependency section */

/* Begin PBXVariantGroup section */
		CCC4EAEC19424B550012F4F3 /* InfoPlist.strings */ = {
			isa = PBXVariantGroup;
			children = (
				CCC4EAED19424B550012F4F3 /* en */,
			);
			name = InfoPlist.strings;
			sourceTree = "<group>";
		};
		CCC4EAF819424B550012F4F3 /* Main_iPad.storyboard */ = {
			isa = PBXVariantGroup;
			children = (
				CCC4EAF919424B550012F4F3 /* Base */,
			);
			name = Main_iPad.storyboard;
			sourceTree = "<group>";
		};
		CCC4EB0E19424B550012F4F3 /* InfoPlist.strings */ = {
			isa = PBXVariantGroup;
			children = (
				CCC4EB0F19424B550012F4F3 /* en */,
			);
			name = InfoPlist.strings;
			sourceTree = "<group>";
		};
		CCF7005F19626E110010350A /* Main_iPhone.storyboard */ = {
			isa = PBXVariantGroup;
			children = (
				CCF7006019626E110010350A /* Base */,
			);
			name = Main_iPhone.storyboard;
			sourceTree = "<group>";
		};
/* End PBXVariantGroup section */

/* Begin XCBuildConfiguration section */
		CCC4EB1319424B550012F4F3 /* Debug */ = {
			isa = XCBuildConfiguration;
			buildSettings = {
				ALWAYS_SEARCH_USER_PATHS = NO;
				CLANG_CXX_LANGUAGE_STANDARD = "gnu++0x";
				CLANG_CXX_LIBRARY = "libc++";
				CLANG_ENABLE_MODULES = YES;
				CLANG_ENABLE_OBJC_ARC = YES;
				CLANG_WARN_BOOL_CONVERSION = YES;
				CLANG_WARN_CONSTANT_CONVERSION = YES;
				CLANG_WARN_DIRECT_OBJC_ISA_USAGE = YES_ERROR;
				CLANG_WARN_EMPTY_BODY = YES;
				CLANG_WARN_ENUM_CONVERSION = YES;
				CLANG_WARN_INT_CONVERSION = YES;
				CLANG_WARN_OBJC_ROOT_CLASS = YES_ERROR;
				CLANG_WARN__DUPLICATE_METHOD_MATCH = YES;
				"CODE_SIGN_IDENTITY[sdk=iphoneos*]" = "iPhone Developer";
				COPY_PHASE_STRIP = NO;
				GCC_C_LANGUAGE_STANDARD = gnu99;
				GCC_DYNAMIC_NO_PIC = NO;
				GCC_OPTIMIZATION_LEVEL = 0;
				GCC_PREPROCESSOR_DEFINITIONS = (
					"DEBUG=1",
					"$(inherited)",
				);
				GCC_SYMBOLS_PRIVATE_EXTERN = NO;
				GCC_WARN_64_TO_32_BIT_CONVERSION = YES;
				GCC_WARN_ABOUT_RETURN_TYPE = YES_ERROR;
				GCC_WARN_UNDECLARED_SELECTOR = YES;
				GCC_WARN_UNINITIALIZED_AUTOS = YES_AGGRESSIVE;
				GCC_WARN_UNUSED_FUNCTION = YES;
				GCC_WARN_UNUSED_VARIABLE = YES;
				IPHONEOS_DEPLOYMENT_TARGET = 7.1;
				ONLY_ACTIVE_ARCH = YES;
				SDKROOT = iphoneos;
				TARGETED_DEVICE_FAMILY = "1,2";
			};
			name = Debug;
		};
		CCC4EB1419424B550012F4F3 /* Release */ = {
			isa = XCBuildConfiguration;
			buildSettings = {
				ALWAYS_SEARCH_USER_PATHS = NO;
				CLANG_CXX_LANGUAGE_STANDARD = "gnu++0x";
				CLANG_CXX_LIBRARY = "libc++";
				CLANG_ENABLE_MODULES = YES;
				CLANG_ENABLE_OBJC_ARC = YES;
				CLANG_WARN_BOOL_CONVERSION = YES;
				CLANG_WARN_CONSTANT_CONVERSION = YES;
				CLANG_WARN_DIRECT_OBJC_ISA_USAGE = YES_ERROR;
				CLANG_WARN_EMPTY_BODY = YES;
				CLANG_WARN_ENUM_CONVERSION = YES;
				CLANG_WARN_INT_CONVERSION = YES;
				CLANG_WARN_OBJC_ROOT_CLASS = YES_ERROR;
				CLANG_WARN__DUPLICATE_METHOD_MATCH = YES;
				"CODE_SIGN_IDENTITY[sdk=iphoneos*]" = "iPhone Developer";
				COPY_PHASE_STRIP = YES;
				ENABLE_NS_ASSERTIONS = NO;
				GCC_C_LANGUAGE_STANDARD = gnu99;
				GCC_WARN_64_TO_32_BIT_CONVERSION = YES;
				GCC_WARN_ABOUT_RETURN_TYPE = YES_ERROR;
				GCC_WARN_UNDECLARED_SELECTOR = YES;
				GCC_WARN_UNINITIALIZED_AUTOS = YES_AGGRESSIVE;
				GCC_WARN_UNUSED_FUNCTION = YES;
				GCC_WARN_UNUSED_VARIABLE = YES;
				IPHONEOS_DEPLOYMENT_TARGET = 7.1;
				SDKROOT = iphoneos;
				TARGETED_DEVICE_FAMILY = "1,2";
				VALIDATE_PRODUCT = YES;
			};
			name = Release;
		};
		CCC4EB1619424B550012F4F3 /* Debug */ = {
			isa = XCBuildConfiguration;
			buildSettings = {
				ASSETCATALOG_COMPILER_APPICON_NAME = AppIcon;
				ASSETCATALOG_COMPILER_LAUNCHIMAGE_NAME = LaunchImage;
				GCC_PRECOMPILE_PREFIX_HEADER = YES;
				GCC_PREFIX_HEADER = "PetBot/PetBot-Prefix.pch";
				INFOPLIST_FILE = "PetBot/PetBot-Info.plist";
				LIBRARY_SEARCH_PATHS = (
					"$(inherited)",
					"$(PROJECT_DIR)/PetBot",
					"$(PROJECT_DIR)",
				);
				PRODUCT_NAME = PetBot;
				WRAPPER_EXTENSION = app;
			};
			name = Debug;
		};
		CCC4EB1719424B550012F4F3 /* Release */ = {
			isa = XCBuildConfiguration;
			buildSettings = {
				ASSETCATALOG_COMPILER_APPICON_NAME = AppIcon;
				ASSETCATALOG_COMPILER_LAUNCHIMAGE_NAME = LaunchImage;
				GCC_PRECOMPILE_PREFIX_HEADER = YES;
				GCC_PREFIX_HEADER = "PetBot/PetBot-Prefix.pch";
				INFOPLIST_FILE = "PetBot/PetBot-Info.plist";
				LIBRARY_SEARCH_PATHS = (
					"$(inherited)",
					"$(PROJECT_DIR)/PetBot",
					"$(PROJECT_DIR)",
				);
				PRODUCT_NAME = PetBot;
				WRAPPER_EXTENSION = app;
			};
			name = Release;
		};
		CCC4EB1919424B550012F4F3 /* Debug */ = {
			isa = XCBuildConfiguration;
			buildSettings = {
				BUNDLE_LOADER = "$(BUILT_PRODUCTS_DIR)/PetBot.app/PetBot";
				FRAMEWORK_SEARCH_PATHS = (
					"$(SDKROOT)/Developer/Library/Frameworks",
					"$(inherited)",
					"$(DEVELOPER_FRAMEWORKS_DIR)",
				);
				GCC_PRECOMPILE_PREFIX_HEADER = YES;
				GCC_PREFIX_HEADER = "PetBot/PetBot-Prefix.pch";
				GCC_PREPROCESSOR_DEFINITIONS = (
					"DEBUG=1",
					"$(inherited)",
				);
				INFOPLIST_FILE = "PetBotTests/PetBotTests-Info.plist";
				PRODUCT_NAME = PetBotTests;
				TEST_HOST = "$(BUNDLE_LOADER)";
				WRAPPER_EXTENSION = xctest;
			};
			name = Debug;
		};
		CCC4EB1A19424B550012F4F3 /* Release */ = {
			isa = XCBuildConfiguration;
			buildSettings = {
				BUNDLE_LOADER = "$(BUILT_PRODUCTS_DIR)/PetBot.app/PetBot";
				FRAMEWORK_SEARCH_PATHS = (
					"$(SDKROOT)/Developer/Library/Frameworks",
					"$(inherited)",
					"$(DEVELOPER_FRAMEWORKS_DIR)",
				);
				GCC_PRECOMPILE_PREFIX_HEADER = YES;
				GCC_PREFIX_HEADER = "PetBot/PetBot-Prefix.pch";
				INFOPLIST_FILE = "PetBotTests/PetBotTests-Info.plist";
				PRODUCT_NAME = PetBotTests;
				TEST_HOST = "$(BUNDLE_LOADER)";
				WRAPPER_EXTENSION = xctest;
			};
			name = Release;
		};
/* End XCBuildConfiguration section */

/* Begin XCConfigurationList section */
		CCC4EADB19424B550012F4F3 /* Build configuration list for PBXProject "PetBot" */ = {
			isa = XCConfigurationList;
			buildConfigurations = (
				CCC4EB1319424B550012F4F3 /* Debug */,
				CCC4EB1419424B550012F4F3 /* Release */,
			);
			defaultConfigurationIsVisible = 0;
			defaultConfigurationName = Release;
		};
		CCC4EB1519424B550012F4F3 /* Build configuration list for PBXNativeTarget "PetBot" */ = {
			isa = XCConfigurationList;
			buildConfigurations = (
				CCC4EB1619424B550012F4F3 /* Debug */,
				CCC4EB1719424B550012F4F3 /* Release */,
			);
			defaultConfigurationIsVisible = 0;
			defaultConfigurationName = Release;
		};
		CCC4EB1819424B550012F4F3 /* Build configuration list for PBXNativeTarget "PetBotTests" */ = {
			isa = XCConfigurationList;
			buildConfigurations = (
				CCC4EB1919424B550012F4F3 /* Debug */,
				CCC4EB1A19424B550012F4F3 /* Release */,
			);
			defaultConfigurationIsVisible = 0;
			defaultConfigurationName = Release;
		};
/* End XCConfigurationList section */
	};
	rootObject = CCC4EAD819424B550012F4F3 /* Project object */;
}
